
Microsoft Visual Studio Solution File, Format Version 12.00
# Visual Studio Version 16
VisualStudioVersion = 16.0.30114.105
MinimumVisualStudioVersion = 10.0.40219.1
Project("{FAE04EC0-301F-11D3-BF4B-00C04F79EFBC}") = "API", "API\API.csproj", "{020AE42A-DE43-41B8-8F98-598B85336AA6}"
EndProject
Global
	GlobalSection(SolutionConfigurationPlatforms) = preSolution
		Debug|Any CPU = Debug|Any CPU
		Release|Any CPU = Release|Any CPU
	EndGlobalSection
	GlobalSection(SolutionProperties) = preSolution
		HideSolutionNode = FALSE
	EndGlobalSection
	GlobalSection(ProjectConfigurationPlatforms) = postSolution
		{020AE42A-DE43-41B8-8F98-598B85336AA6}.Debug|Any CPU.ActiveCfg = Debug|Any CPU
		{020AE42A-DE43-41B8-8F98-598B85336AA6}.Debug|Any CPU.Build.0 = Debug|Any CPU
		{020AE42A-DE43-41B8-8F98-598B85336AA6}.Release|Any CPU.ActiveCfg = Release|Any CPU
		{020AE42A-DE43-41B8-8F98-598B85336AA6}.Release|Any CPU.Build.0 = Release|Any CPU
	EndGlobalSection
EndGlobal
